{
    "_readme": [
        "This file locks the dependencies of your project to a known state",
        "Read more about it at https://getcomposer.org/doc/01-basic-usage.md#installing-dependencies",
        "This file is @generated automatically"
    ],
    "content-hash": "a5f2f89d7f1527de8919e6dc035db430",
    "packages": [],
    "packages-dev": [
        {
            "name": "pestphp/pest-plugin",
            "version": "v1.1.0",
            "source": {
                "type": "git",
                "url": "https://github.com/pestphp/pest-plugin.git",
                "reference": "606c5f79c6a339b49838ffbee0151ca519efe378"
            },
            "dist": {
                "type": "zip",
                "url": "https://api.github.com/repos/pestphp/pest-plugin/zipball/606c5f79c6a339b49838ffbee0151ca519efe378",
                "reference": "606c5f79c6a339b49838ffbee0151ca519efe378",
                "shasum": ""
            },
            "require": {
                "composer-plugin-api": "^1.1.0 || ^2.0.0",
                "php": "^7.3 || ^8.0"
            },
            "conflict": {
                "pestphp/pest": "<1.0"
            },
            "require-dev": {
                "composer/composer": "^2.4.2",
                "pestphp/pest": "^1.22.1",
                "pestphp/pest-dev-tools": "^1.0.0"
            },
            "type": "composer-plugin",
            "extra": {
                "class": "Pest\\Plugin\\Manager",
                "branch-alias": {
                    "dev-master": "1.x-dev"
                }
            },
            "autoload": {
                "psr-4": {
                    "Pest\\Plugin\\": "src/"
                }
            },
            "notification-url": "https://packagist.org/downloads/",
            "license": [
                "MIT"
            ],
            "description": "The Pest plugin manager",
            "keywords": [
                "framework",
                "manager",
                "pest",
                "php",
                "plugin",
                "test",
                "testing",
                "unit"
            ],
            "support": {
                "source": "https://github.com/pestphp/pest-plugin/tree/v1.1.0"
            },
            "funding": [
                {
                    "url": "https://www.paypal.com/cgi-bin/webscr?cmd=_s-xclick&hosted_button_id=66BYDWAT92N6L",
                    "type": "custom"
                },
                {
                    "url": "https://github.com/nunomaduro",
                    "type": "github"
                },
                {
                    "url": "https://www.patreon.com/nunomaduro",
                    "type": "patreon"
                }
            ],
            "time": "2022-09-18T13:18:17+00:00"
        },
        {
            "name": "wp-phpunit/wp-phpunit",
            "version": "6.9.4",
            "source": {
                "type": "git",
                "url": "https://github.com/wp-phpunit/wp-phpunit.git",
                "reference": "15fd216bf6516670d8d07b938675925bfa5c15b0"
            },
            "dist": {
                "type": "zip",
                "url": "https://api.github.com/repos/wp-phpunit/wp-phpunit/zipball/15fd216bf6516670d8d07b938675925bfa5c15b0",
                "reference": "15fd216bf6516670d8d07b938675925bfa5c15b0",
                "shasum": ""
            },
            "type": "library",
            "autoload": {
                "files": [
                    "__loaded.php"
                ]
            },
            "notification-url": "https://packagist.org/downloads/",
            "license": [
                "GPL-2.0-or-later"
            ],
            "authors": [
                {
                    "name": "Evan Mattson",
                    "email": "me@aaemnnost.tv"
                },
                {
                    "name": "WordPress Community",
                    "homepage": "https://wordpress.org/about/"
                }
            ],
            "description": "WordPress core PHPUnit library",
            "homepage": "https://github.com/wp-phpunit",
            "keywords": [
                "phpunit",
                "test",
                "wordpress"
            ],
            "support": {
                "docs": "https://github.com/wp-phpunit/docs",
                "issues": "https://github.com/wp-phpunit/issues",
                "source": "https://github.com/wp-phpunit/wp-phpunit"
            },
            "time": "2026-02-04T01:48:23+00:00"
        }
    ],
    "aliases": [],
    "minimum-stability": "stable",
    "stability-flags": [],
    "prefer-stable": false,
    "prefer-lowest": false,
    "platform": [],
    "platform-dev": [],
    "plugin-api-version": "2.3.0"
}
